{
  "name": "demo",
  "version": "1.0.0",
  "lockfileVersion": 1,
  "requires": true,
  "dependencies": {
    "ndef-lib": {
      "version": "0.1.1",
      "resolved": "https://registry.npmjs.org/ndef-lib/-/ndef-lib-0.1.1.tgz",
      "integrity": "sha512-XTl9tOVAZJkr9cizWD3gXrw3KbX2h7i8QgBO+u/GcF/8Esa/oLj7e0aEs2a7TgomU6NYDPiAZesa2u2YR6ccuQ==",
      "requires": {
        "requirejs": "^2.3.6"
      }
    },
    "requirejs": {
      "version": "2.3.6",
      "resolved": "https://registry.npmjs.org/requirejs/-/requirejs-2.3.6.tgz",
      "integrity": "sha512-ipEzlWQe6RK3jkzikgCupiTbTvm4S0/CAU5GlgptkN5SO6F3u0UD0K18wy6ErDqiCyP4J4YYe1HuAShvsxePLg=="
    }
  }
}
